// !$*UTF8*$!
{
	archiveVersion = 1;
	classes = {
	};
	objectVersion = 50;
	objects = {

/* Begin PBXBuildFile section */
		7533567A2728E91A0037E647 /* LandmarkApp.swift in Sources */ = {isa = PBXBuildFile; fileRef = 753356792728E91A0037E647 /* LandmarkApp.swift */; };
		7533567C2728E91A0037E647 /* ContentView.swift in Sources */ = {isa = PBXBuildFile; fileRef = 7533567B2728E91A0037E647 /* ContentView.swift */; };
		7533567E2728E91C0037E647 /* Assets.xcassets in Resources */ = {isa = PBXBuildFile; fileRef = 7533567D2728E91C0037E647 /* Assets.xcassets */; };
		753356812728E91C0037E647 /* Preview Assets.xcassets in Resources */ = {isa = PBXBuildFile; fileRef = 753356802728E91C0037E647 /* Preview Assets.xcassets */; };
		7533568C2728E91D0037E647 /* LandmarkTests.swift in Sources */ = {isa = PBXBuildFile; fileRef = 7533568B2728E91D0037E647 /* LandmarkTests.swift */; };
		753356972728E91D0037E647 /* LandmarkUITests.swift in Sources */ = {isa = PBXBuildFile; fileRef = 753356962728E91D0037E647 /* LandmarkUITests.swift */; };
		7544CC09274DDA210099DBC1 /* LandmarkList.swift in Sources */ = {isa = PBXBuildFile; fileRef = 7544CC08274DDA210099DBC1 /* LandmarkList.swift */; };
		7544CC0B274DE49C0099DBC1 /* LandmarkDetail.swift in Sources */ = {isa = PBXBuildFile; fileRef = 7544CC0A274DE49C0099DBC1 /* LandmarkDetail.swift */; };
		75724962278537B0003254AE /* BadgeSymbol.swift in Sources */ = {isa = PBXBuildFile; fileRef = 75724961278537B0003254AE /* BadgeSymbol.swift */; };
		75911E8E27449B3E0063206D /* landmarkData.json in Resources */ = {isa = PBXBuildFile; fileRef = 75911E8D27449B3E0063206D /* landmarkData.json */; };
		75911E9027449B550063206D /* Landmark.swift in Sources */ = {isa = PBXBuildFile; fileRef = 75911E8F27449B550063206D /* Landmark.swift */; };
		759419C4273B61C500889A1E /* CircleImage.swift in Sources */ = {isa = PBXBuildFile; fileRef = 759419C3273B61C500889A1E /* CircleImage.swift */; };
		759419C6273B631C00889A1E /* MapView.swift in Sources */ = {isa = PBXBuildFile; fileRef = 759419C5273B631C00889A1E /* MapView.swift */; };
		759CED7F27849B8800B059F3 /* HexagonParameters.swift in Sources */ = {isa = PBXBuildFile; fileRef = 759CED7E27849B8800B059F3 /* HexagonParameters.swift */; };
		759CED812784A05500B059F3 /* BadgeBackground.swift in Sources */ = {isa = PBXBuildFile; fileRef = 759CED802784A05500B059F3 /* BadgeBackground.swift */; };
		75A500A42785DA3A007A51BD /* RotatedBadgeSymbol.swift in Sources */ = {isa = PBXBuildFile; fileRef = 75A500A32785DA3A007A51BD /* RotatedBadgeSymbol.swift */; };
		75A500A62785DB6E007A51BD /* Badge.swift in Sources */ = {isa = PBXBuildFile; fileRef = 75A500A52785DB6E007A51BD /* Badge.swift */; };
		75A500A92785E5A2007A51BD /* hikeData.json in Resources */ = {isa = PBXBuildFile; fileRef = 75A500A82785E5A2007A51BD /* hikeData.json */; };
		75A500AB2785E5C0007A51BD /* Hike.swift in Sources */ = {isa = PBXBuildFile; fileRef = 75A500AA2785E5C0007A51BD /* Hike.swift */; };
		75A500B12785E6A4007A51BD /* GraphCapsule.swift in Sources */ = {isa = PBXBuildFile; fileRef = 75A500AD2785E6A4007A51BD /* GraphCapsule.swift */; };
		75A500B22785E6A4007A51BD /* HikeGraph.swift in Sources */ = {isa = PBXBuildFile; fileRef = 75A500AE2785E6A4007A51BD /* HikeGraph.swift */; };
		75A500B32785E6A4007A51BD /* HikeDetail.swift in Sources */ = {isa = PBXBuildFile; fileRef = 75A500AF2785E6A4007A51BD /* HikeDetail.swift */; };
		75A500B42785E6A4007A51BD /* HikeView.swift in Sources */ = {isa = PBXBuildFile; fileRef = 75A500B02785E6A4007A51BD /* HikeView.swift */; };
		75D60C952787CFF00006CE10 /* CategoryHome.swift in Sources */ = {isa = PBXBuildFile; fileRef = 75D60C942787CFF00006CE10 /* CategoryHome.swift */; };
		75D6D073278B235300367A31 /* CategoryRow.swift in Sources */ = {isa = PBXBuildFile; fileRef = 75D6D072278B235300367A31 /* CategoryRow.swift */; };
		75DACD60278F1F5900C55AA8 /* ProfileEditor.swift in Sources */ = {isa = PBXBuildFile; fileRef = 75DACD5F278F1F5900C55AA8 /* ProfileEditor.swift */; };
		75E3FE472772D1A500BA1737 /* FavoriteButton.swift in Sources */ = {isa = PBXBuildFile; fileRef = 75E3FE462772D1A500BA1737 /* FavoriteButton.swift */; };
		75E7444127449CF400584615 /* ModelData.swift in Sources */ = {isa = PBXBuildFile; fileRef = 75E7444027449CF400584615 /* ModelData.swift */; };
		75E7444827449EFD00584615 /* LandmarkRow.swift in Sources */ = {isa = PBXBuildFile; fileRef = 75E7444727449EFD00584615 /* LandmarkRow.swift */; };
		75F58C17278B27ED00E0C64A /* CategoryItem.swift in Sources */ = {isa = PBXBuildFile; fileRef = 75F58C16278B27ED00E0C64A /* CategoryItem.swift */; };
		75F58C1A278B32DE00E0C64A /* Profile.swift in Sources */ = {isa = PBXBuildFile; fileRef = 75F58C19278B32DE00E0C64A /* Profile.swift */; };
		75F58C1C278B337900E0C64A /* ProfileHost.swift in Sources */ = {isa = PBXBuildFile; fileRef = 75F58C1B278B337900E0C64A /* ProfileHost.swift */; };
		75F58C1E278B33CB00E0C64A /* ProfileSummary.swift in Sources */ = {isa = PBXBuildFile; fileRef = 75F58C1D278B33CB00E0C64A /* ProfileSummary.swift */; };
		75F58C20278B35B200E0C64A /* HikeBadge.swift in Sources */ = {isa = PBXBuildFile; fileRef = 75F58C1F278B35B200E0C64A /* HikeBadge.swift */; };
/* End PBXBuildFile section */

/* Begin PBXContainerItemProxy section */
		753356882728E91D0037E647 /* PBXContainerItemProxy */ = {
			isa = PBXContainerItemProxy;
			containerPortal = 7533566E2728E91A0037E647 /* Project object */;
			proxyType = 1;
			remoteGlobalIDString = 753356752728E91A0037E647;
			remoteInfo = Landmark;
		};
		753356932728E91D0037E647 /* PBXContainerItemProxy */ = {
			isa = PBXContainerItemProxy;
			containerPortal = 7533566E2728E91A0037E647 /* Project object */;
			proxyType = 1;
			remoteGlobalIDString = 753356752728E91A0037E647;
			remoteInfo = Landmark;
		};
/* End PBXContainerItemProxy section */

/* Begin PBXFileReference section */
		753356762728E91A0037E647 /* Landmark.app */ = {isa = PBXFileReference; explicitFileType = wrapper.application; includeInIndex = 0; path = Landmark.app; sourceTree = BUILT_PRODUCTS_DIR; };
		753356792728E91A0037E647 /* LandmarkApp.swift */ = {isa = PBXFileReference; lastKnownFileType = sourcecode.swift; path = LandmarkApp.swift; sourceTree = "<group>"; };
		7533567B2728E91A0037E647 /* ContentView.swift */ = {isa = PBXFileReference; lastKnownFileType = sourcecode.swift; path = ContentView.swift; sourceTree = "<group>"; };
		7533567D2728E91C0037E647 /* Assets.xcassets */ = {isa = PBXFileReference; lastKnownFileType = folder.assetcatalog; path = Assets.xcassets; sourceTree = "<group>"; };
		753356802728E91C0037E647 /* Preview Assets.xcassets */ = {isa = PBXFileReference; lastKnownFileType = folder.assetcatalog; path = "Preview Assets.xcassets"; sourceTree = "<group>"; };
		753356822728E91C0037E647 /* Info.plist */ = {isa = PBXFileReference; lastKnownFileType = text.plist.xml; path = Info.plist; sourceTree = "<group>"; };
		753356872728E91D0037E647 /* LandmarkTests.xctest */ = {isa = PBXFileReference; explicitFileType = wrapper.cfbundle; includeInIndex = 0; path = LandmarkTests.xctest; sourceTree = BUILT_PRODUCTS_DIR; };
		7533568B2728E91D0037E647 /* LandmarkTests.swift */ = {isa = PBXFileReference; lastKnownFileType = sourcecode.swift; path = LandmarkTests.swift; sourceTree = "<group>"; };
		7533568D2728E91D0037E647 /* Info.plist */ = {isa = PBXFileReference; lastKnownFileType = text.plist.xml; path = Info.plist; sourceTree = "<group>"; };
		753356922728E91D0037E647 /* LandmarkUITests.xctest */ = {isa = PBXFileReference; explicitFileType = wrapper.cfbundle; includeInIndex = 0; path = LandmarkUITests.xctest; sourceTree = BUILT_PRODUCTS_DIR; };
		753356962728E91D0037E647 /* LandmarkUITests.swift */ = {isa = PBXFileReference; lastKnownFileType = sourcecode.swift; path = LandmarkUITests.swift; sourceTree = "<group>"; };
		753356982728E91D0037E647 /* Info.plist */ = {isa = PBXFileReference; lastKnownFileType = text.plist.xml; path = Info.plist; sourceTree = "<group>"; };
		7544CC08274DDA210099DBC1 /* LandmarkList.swift */ = {isa = PBXFileReference; lastKnownFileType = sourcecode.swift; path = LandmarkList.swift; sourceTree = "<group>"; };
		7544CC0A274DE49C0099DBC1 /* LandmarkDetail.swift */ = {isa = PBXFileReference; lastKnownFileType = sourcecode.swift; path = LandmarkDetail.swift; sourceTree = "<group>"; };
		75724961278537B0003254AE /* BadgeSymbol.swift */ = {isa = PBXFileReference; lastKnownFileType = sourcecode.swift; path = BadgeSymbol.swift; sourceTree = "<group>"; };
		75911E8D27449B3E0063206D /* landmarkData.json */ = {isa = PBXFileReference; fileEncoding = 4; lastKnownFileType = text.json; path = landmarkData.json; sourceTree = "<group>"; };
		75911E8F27449B550063206D /* Landmark.swift */ = {isa = PBXFileReference; lastKnownFileType = sourcecode.swift; path = Landmark.swift; sourceTree = "<group>"; };
		759419C3273B61C500889A1E /* CircleImage.swift */ = {isa = PBXFileReference; lastKnownFileType = sourcecode.swift; path = CircleImage.swift; sourceTree = "<group>"; };
		759419C5273B631C00889A1E /* MapView.swift */ = {isa = PBXFileReference; lastKnownFileType = sourcecode.swift; path = MapView.swift; sourceTree = "<group>"; };
		759CED7E27849B8800B059F3 /* HexagonParameters.swift */ = {isa = PBXFileReference; lastKnownFileType = sourcecode.swift; path = HexagonParameters.swift; sourceTree = "<group>"; };
		759CED802784A05500B059F3 /* BadgeBackground.swift */ = {isa = PBXFileReference; lastKnownFileType = sourcecode.swift; path = BadgeBackground.swift; sourceTree = "<group>"; };
		75A500A32785DA3A007A51BD /* RotatedBadgeSymbol.swift */ = {isa = PBXFileReference; lastKnownFileType = sourcecode.swift; path = RotatedBadgeSymbol.swift; sourceTree = "<group>"; };
		75A500A52785DB6E007A51BD /* Badge.swift */ = {isa = PBXFileReference; lastKnownFileType = sourcecode.swift; path = Badge.swift; sourceTree = "<group>"; };
		75A500A82785E5A2007A51BD /* hikeData.json */ = {isa = PBXFileReference; fileEncoding = 4; lastKnownFileType = text.json; path = hikeData.json; sourceTree = "<group>"; };
		75A500AA2785E5C0007A51BD /* Hike.swift */ = {isa = PBXFileReference; lastKnownFileType = sourcecode.swift; path = Hike.swift; sourceTree = "<group>"; };
		75A500AD2785E6A4007A51BD /* GraphCapsule.swift */ = {isa = PBXFileReference; fileEncoding = 4; lastKnownFileType = sourcecode.swift; path = GraphCapsule.swift; sourceTree = "<group>"; };
		75A500AE2785E6A4007A51BD /* HikeGraph.swift */ = {isa = PBXFileReference; fileEncoding = 4; lastKnownFileType = sourcecode.swift; path = HikeGraph.swift; sourceTree = "<group>"; };
		75A500AF2785E6A4007A51BD /* HikeDetail.swift */ = {isa = PBXFileReference; fileEncoding = 4; lastKnownFileType = sourcecode.swift; path = HikeDetail.swift; sourceTree = "<group>"; };
		75A500B02785E6A4007A51BD /* HikeView.swift */ = {isa = PBXFileReference; fileEncoding = 4; lastKnownFileType = sourcecode.swift; path = HikeView.swift; sourceTree = "<group>"; };
		75D60C942787CFF00006CE10 /* CategoryHome.swift */ = {isa = PBXFileReference; lastKnownFileType = sourcecode.swift; path = CategoryHome.swift; sourceTree = "<group>"; };
		75D6D072278B235300367A31 /* CategoryRow.swift */ = {isa = PBXFileReference; lastKnownFileType = sourcecode.swift; path = CategoryRow.swift; sourceTree = "<group>"; };
		75DACD5F278F1F5900C55AA8 /* ProfileEditor.swift */ = {isa = PBXFileReference; lastKnownFileType = sourcecode.swift; path = ProfileEditor.swift; sourceTree = "<group>"; };
		75E3FE462772D1A500BA1737 /* FavoriteButton.swift */ = {isa = PBXFileReference; lastKnownFileType = sourcecode.swift; path = FavoriteButton.swift; sourceTree = "<group>"; };
		75E7444027449CF400584615 /* ModelData.swift */ = {isa = PBXFileReference; lastKnownFileType = sourcecode.swift; path = ModelData.swift; sourceTree = "<group>"; };
		75E7444727449EFD00584615 /* LandmarkRow.swift */ = {isa = PBXFileReference; lastKnownFileType = sourcecode.swift; path = LandmarkRow.swift; sourceTree = "<group>"; };
		75F58C16278B27ED00E0C64A /* CategoryItem.swift */ = {isa = PBXFileReference; lastKnownFileType = sourcecode.swift; path = CategoryItem.swift; sourceTree = "<group>"; };
		75F58C19278B32DE00E0C64A /* Profile.swift */ = {isa = PBXFileReference; lastKnownFileType = sourcecode.swift; path = Profile.swift; sourceTree = "<group>"; };
		75F58C1B278B337900E0C64A /* ProfileHost.swift */ = {isa = PBXFileReference; lastKnownFileType = sourcecode.swift; path = ProfileHost.swift; sourceTree = "<group>"; };
		75F58C1D278B33CB00E0C64A /* ProfileSummary.swift */ = {isa = PBXFileReference; lastKnownFileType = sourcecode.swift; path = ProfileSummary.swift; sourceTree = "<group>"; };
		75F58C1F278B35B200E0C64A /* HikeBadge.swift */ = {isa = PBXFileReference; lastKnownFileType = sourcecode.swift; path = HikeBadge.swift; sourceTree = "<group>"; };
/* End PBXFileReference section */

/* Begin PBXFrameworksBuildPhase section */
		753356732728E91A0037E647 /* Frameworks */ = {
			isa = PBXFrameworksBuildPhase;
			buildActionMask = 2147483647;
			files = (
			);
			runOnlyForDeploymentPostprocessing = 0;
		};
		753356842728E91D0037E647 /* Frameworks */ = {
			isa = PBXFrameworksBuildPhase;
			buildActionMask = 2147483647;
			files = (
			);
			runOnlyForDeploymentPostprocessing = 0;
		};
		7533568F2728E91D0037E647 /* Frameworks */ = {
			isa = PBXFrameworksBuildPhase;
			buildActionMask = 2147483647;
			files = (
			);
			runOnlyForDeploymentPostprocessing = 0;
		};
/* End PBXFrameworksBuildPhase section */

/* Begin PBXGroup section */
		7533566D2728E91A0037E647 = {
			isa = PBXGroup;
			children = (
				753356782728E91A0037E647 /* Landmark */,
				7533568A2728E91D0037E647 /* LandmarkTests */,
				753356952728E91D0037E647 /* LandmarkUITests */,
				753356772728E91A0037E647 /* Products */,
			);
			sourceTree = "<group>";
		};
		753356772728E91A0037E647 /* Products */ = {
			isa = PBXGroup;
			children = (
				753356762728E91A0037E647 /* Landmark.app */,
				753356872728E91D0037E647 /* LandmarkTests.xctest */,
				753356922728E91D0037E647 /* LandmarkUITests.xctest */,
			);
			name = Products;
			sourceTree = "<group>";
		};
		753356782728E91A0037E647 /* Landmark */ = {
			isa = PBXGroup;
			children = (
				75E7444227449D1C00584615 /* Views */,
				75E7443F27449CE100584615 /* Model */,
				75911E8C27449B2C0063206D /* Resources */,
				753356792728E91A0037E647 /* LandmarkApp.swift */,
				7533567D2728E91C0037E647 /* Assets.xcassets */,
				753356822728E91C0037E647 /* Info.plist */,
				7533567F2728E91C0037E647 /* Preview Content */,
			);
			path = Landmark;
			sourceTree = "<group>";
		};
		7533567F2728E91C0037E647 /* Preview Content */ = {
			isa = PBXGroup;
			children = (
				753356802728E91C0037E647 /* Preview Assets.xcassets */,
			);
			path = "Preview Content";
			sourceTree = "<group>";
		};
		7533568A2728E91D0037E647 /* LandmarkTests */ = {
			isa = PBXGroup;
			children = (
				7533568B2728E91D0037E647 /* LandmarkTests.swift */,
				7533568D2728E91D0037E647 /* Info.plist */,
			);
			path = LandmarkTests;
			sourceTree = "<group>";
		};
		753356952728E91D0037E647 /* LandmarkUITests */ = {
			isa = PBXGroup;
			children = (
				753356962728E91D0037E647 /* LandmarkUITests.swift */,
				753356982728E91D0037E647 /* Info.plist */,
			);
			path = LandmarkUITests;
			sourceTree = "<group>";
		};
		75911E8C27449B2C0063206D /* Resources */ = {
			isa = PBXGroup;
			children = (
				75911E8D27449B3E0063206D /* landmarkData.json */,
				75A500A82785E5A2007A51BD /* hikeData.json */,
			);
			path = Resources;
			sourceTree = "<group>";
		};
		75A500A72785E2AB007A51BD /* Badges */ = {
			isa = PBXGroup;
			children = (
				759CED7E27849B8800B059F3 /* HexagonParameters.swift */,
				759CED802784A05500B059F3 /* BadgeBackground.swift */,
				75724961278537B0003254AE /* BadgeSymbol.swift */,
				75A500A32785DA3A007A51BD /* RotatedBadgeSymbol.swift */,
				75A500A52785DB6E007A51BD /* Badge.swift */,
			);
			path = Badges;
			sourceTree = "<group>";
		};
		75A500AC2785E6A4007A51BD /* Hikes */ = {
			isa = PBXGroup;
			children = (
				75A500AD2785E6A4007A51BD /* GraphCapsule.swift */,
				75A500AE2785E6A4007A51BD /* HikeGraph.swift */,
				75A500AF2785E6A4007A51BD /* HikeDetail.swift */,
				75A500B02785E6A4007A51BD /* HikeView.swift */,
			);
			path = Hikes;
			sourceTree = "<group>";
		};
		75E3FE432772D12F00BA1737 /* LandmarkList */ = {
			isa = PBXGroup;
			children = (
				7544CC08274DDA210099DBC1 /* LandmarkList.swift */,
				75E3FE442772D14400BA1737 /* Row */,
			);
			path = LandmarkList;
			sourceTree = "<group>";
		};
		75E3FE442772D14400BA1737 /* Row */ = {
			isa = PBXGroup;
			children = (
				75E7444727449EFD00584615 /* LandmarkRow.swift */,
			);
			path = Row;
			sourceTree = "<group>";
		};
		75E3FE452772D15B00BA1737 /* LandmarkDetail */ = {
			isa = PBXGroup;
			children = (
				7544CC0A274DE49C0099DBC1 /* LandmarkDetail.swift */,
				75E7444327449D2C00584615 /* Components */,
			);
			path = LandmarkDetail;
			sourceTree = "<group>";
		};
		75E7443F27449CE100584615 /* Model */ = {
			isa = PBXGroup;
			children = (
				75E7444427449D3F00584615 /* JSONLoader */,
				75A500AA2785E5C0007A51BD /* Hike.swift */,
				75911E8F27449B550063206D /* Landmark.swift */,
				75F58C19278B32DE00E0C64A /* Profile.swift */,
			);
			path = Model;
			sourceTree = "<group>";
		};
		75E7444227449D1C00584615 /* Views */ = {
			isa = PBXGroup;
			children = (
				75F58C18278B32A300E0C64A /* Category */,
				75A500AC2785E6A4007A51BD /* Hikes */,
				75A500A72785E2AB007A51BD /* Badges */,
				75E3FE452772D15B00BA1737 /* LandmarkDetail */,
				75E3FE432772D12F00BA1737 /* LandmarkList */,
				7533567B2728E91A0037E647 /* ContentView.swift */,
				75F58C1B278B337900E0C64A /* ProfileHost.swift */,
				75F58C1D278B33CB00E0C64A /* ProfileSummary.swift */,
				75F58C1F278B35B200E0C64A /* HikeBadge.swift */,
				75DACD5F278F1F5900C55AA8 /* ProfileEditor.swift */,
			);
			path = Views;
			sourceTree = "<group>";
		};
		75E7444327449D2C00584615 /* Components */ = {
			isa = PBXGroup;
			children = (
				759419C3273B61C500889A1E /* CircleImage.swift */,
				759419C5273B631C00889A1E /* MapView.swift */,
				75E3FE462772D1A500BA1737 /* FavoriteButton.swift */,
			);
			path = Components;
			sourceTree = "<group>";
		};
		75E7444427449D3F00584615 /* JSONLoader */ = {
			isa = PBXGroup;
			children = (
				75E7444027449CF400584615 /* ModelData.swift */,
			);
			path = JSONLoader;
			sourceTree = "<group>";
		};
		75F58C18278B32A300E0C64A /* Category */ = {
			isa = PBXGroup;
			children = (
				75D60C942787CFF00006CE10 /* CategoryHome.swift */,
				75D6D072278B235300367A31 /* CategoryRow.swift */,
				75F58C16278B27ED00E0C64A /* CategoryItem.swift */,
			);
			path = Category;
			sourceTree = "<group>";
		};
/* End PBXGroup section */

/* Begin PBXNativeTarget section */
		753356752728E91A0037E647 /* Landmark */ = {
			isa = PBXNativeTarget;
			buildConfigurationList = 7533569B2728E91D0037E647 /* Build configuration list for PBXNativeTarget "Landmark" */;
			buildPhases = (
				753356722728E91A0037E647 /* Sources */,
				753356732728E91A0037E647 /* Frameworks */,
				753356742728E91A0037E647 /* Resources */,
			);
			buildRules = (
			);
			dependencies = (
			);
			name = Landmark;
			productName = Landmark;
			productReference = 753356762728E91A0037E647 /* Landmark.app */;
			productType = "com.apple.product-type.application";
		};
		753356862728E91D0037E647 /* LandmarkTests */ = {
			isa = PBXNativeTarget;
			buildConfigurationList = 7533569E2728E91D0037E647 /* Build configuration list for PBXNativeTarget "LandmarkTests" */;
			buildPhases = (
				753356832728E91D0037E647 /* Sources */,
				753356842728E91D0037E647 /* Frameworks */,
				753356852728E91D0037E647 /* Resources */,
			);
			buildRules = (
			);
			dependencies = (
				753356892728E91D0037E647 /* PBXTargetDependency */,
			);
			name = LandmarkTests;
			productName = LandmarkTests;
			productReference = 753356872728E91D0037E647 /* LandmarkTests.xctest */;
			productType = "com.apple.product-type.bundle.unit-test";
		};
		753356912728E91D0037E647 /* LandmarkUITests */ = {
			isa = PBXNativeTarget;
			buildConfigurationList = 753356A12728E91D0037E647 /* Build configuration list for PBXNativeTarget "LandmarkUITests" */;
			buildPhases = (
				7533568E2728E91D0037E647 /* Sources */,
				7533568F2728E91D0037E647 /* Frameworks */,
				753356902728E91D0037E647 /* Resources */,
			);
			buildRules = (
			);
			dependencies = (
				753356942728E91D0037E647 /* PBXTargetDependency */,
			);
			name = LandmarkUITests;
			productName = LandmarkUITests;
			productReference = 753356922728E91D0037E647 /* LandmarkUITests.xctest */;
			productType = "com.apple.product-type.bundle.ui-testing";
		};
/* End PBXNativeTarget section */

/* Begin PBXProject section */
		7533566E2728E91A0037E647 /* Project object */ = {
			isa = PBXProject;
			attributes = {
				LastSwiftUpdateCheck = 1250;
				LastUpgradeCheck = 1250;
				TargetAttributes = {
					753356752728E91A0037E647 = {
						CreatedOnToolsVersion = 12.5;
					};
					753356862728E91D0037E647 = {
						CreatedOnToolsVersion = 12.5;
						TestTargetID = 753356752728E91A0037E647;
					};
					753356912728E91D0037E647 = {
						CreatedOnToolsVersion = 12.5;
						TestTargetID = 753356752728E91A0037E647;
					};
				};
			};
			buildConfigurationList = 753356712728E91A0037E647 /* Build configuration list for PBXProject "Landmark" */;
			compatibilityVersion = "Xcode 9.3";
			developmentRegion = en;
			hasScannedForEncodings = 0;
			knownRegions = (
				en,
				Base,
			);
			mainGroup = 7533566D2728E91A0037E647;
			productRefGroup = 753356772728E91A0037E647 /* Products */;
			projectDirPath = "";
			projectRoot = "";
			targets = (
				753356752728E91A0037E647 /* Landmark */,
				753356862728E91D0037E647 /* LandmarkTests */,
				753356912728E91D0037E647 /* LandmarkUITests */,
			);
		};
/* End PBXProject section */

/* Begin PBXResourcesBuildPhase section */
		753356742728E91A0037E647 /* Resources */ = {
			isa = PBXResourcesBuildPhase;
			buildActionMask = 2147483647;
			files = (
				75A500A92785E5A2007A51BD /* hikeData.json in Resources */,
				753356812728E91C0037E647 /* Preview Assets.xcassets in Resources */,
				7533567E2728E91C0037E647 /* Assets.xcassets in Resources */,
				75911E8E27449B3E0063206D /* landmarkData.json in Resources */,
			);
			runOnlyForDeploymentPostprocessing = 0;
		};
		753356852728E91D0037E647 /* Resources */ = {
			isa = PBXResourcesBuildPhase;
			buildActionMask = 2147483647;
			files = (
			);
			runOnlyForDeploymentPostprocessing = 0;
		};
		753356902728E91D0037E647 /* Resources */ = {
			isa = PBXResourcesBuildPhase;
			buildActionMask = 2147483647;
			files = (
			);
			runOnlyForDeploymentPostprocessing = 0;
		};
/* End PBXResourcesBuildPhase section */

/* Begin PBXSourcesBuildPhase section */
		753356722728E91A0037E647 /* Sources */ = {
			isa = PBXSourcesBuildPhase;
			buildActionMask = 2147483647;
			files = (
				75D6D073278B235300367A31 /* CategoryRow.swift in Sources */,
				75F58C1A278B32DE00E0C64A /* Profile.swift in Sources */,
				7533567C2728E91A0037E647 /* ContentView.swift in Sources */,
				75D60C952787CFF00006CE10 /* CategoryHome.swift in Sources */,
				75A500B22785E6A4007A51BD /* HikeGraph.swift in Sources */,
				75A500A62785DB6E007A51BD /* Badge.swift in Sources */,
				759419C6273B631C00889A1E /* MapView.swift in Sources */,
				75A500B12785E6A4007A51BD /* GraphCapsule.swift in Sources */,
				7533567A2728E91A0037E647 /* LandmarkApp.swift in Sources */,
				75E3FE472772D1A500BA1737 /* FavoriteButton.swift in Sources */,
				75F58C17278B27ED00E0C64A /* CategoryItem.swift in Sources */,
				75A500B32785E6A4007A51BD /* HikeDetail.swift in Sources */,
				75F58C1E278B33CB00E0C64A /* ProfileSummary.swift in Sources */,
				759CED7F27849B8800B059F3 /* HexagonParameters.swift in Sources */,
				75F58C1C278B337900E0C64A /* ProfileHost.swift in Sources */,
				75A500AB2785E5C0007A51BD /* Hike.swift in Sources */,
				75A500A42785DA3A007A51BD /* RotatedBadgeSymbol.swift in Sources */,
				75724962278537B0003254AE /* BadgeSymbol.swift in Sources */,
				75DACD60278F1F5900C55AA8 /* ProfileEditor.swift in Sources */,
				7544CC09274DDA210099DBC1 /* LandmarkList.swift in Sources */,
				75A500B42785E6A4007A51BD /* HikeView.swift in Sources */,
				7544CC0B274DE49C0099DBC1 /* LandmarkDetail.swift in Sources */,
				759CED812784A05500B059F3 /* BadgeBackground.swift in Sources */,
				75F58C20278B35B200E0C64A /* HikeBadge.swift in Sources */,
				759419C4273B61C500889A1E /* CircleImage.swift in Sources */,
				75911E9027449B550063206D /* Landmark.swift in Sources */,
				75E7444827449EFD00584615 /* LandmarkRow.swift in Sources */,
				75E7444127449CF400584615 /* ModelData.swift in Sources */,
			);
			runOnlyForDeploymentPostprocessing = 0;
		};
		753356832728E91D0037E647 /* Sources */ = {
			isa = PBXSourcesBuildPhase;
			buildActionMask = 2147483647;
			files = (
				7533568C2728E91D0037E647 /* LandmarkTests.swift in Sources */,
			);
			runOnlyForDeploymentPostprocessing = 0;
		};
		7533568E2728E91D0037E647 /* Sources */ = {
			isa = PBXSourcesBuildPhase;
			buildActionMask = 2147483647;
			files = (
				753356972728E91D0037E647 /* LandmarkUITests.swift in Sources */,
			);
			runOnlyForDeploymentPostprocessing = 0;
		};
/* End PBXSourcesBuildPhase section */

/* Begin PBXTargetDependency section */
		753356892728E91D0037E647 /* PBXTargetDependency */ = {
			isa = PBXTargetDependency;
			target = 753356752728E91A0037E647 /* Landmark */;
			targetProxy = 753356882728E91D0037E647 /* PBXContainerItemProxy */;
		};
		753356942728E91D0037E647 /* PBXTargetDependency */ = {
			isa = PBXTargetDependency;
			target = 753356752728E91A0037E647 /* Landmark */;
			targetProxy = 753356932728E91D0037E647 /* PBXContainerItemProxy */;
		};
/* End PBXTargetDependency section */

/* Begin XCBuildConfiguration section */
		753356992728E91D0037E647 /* Debug */ = {
			isa = XCBuildConfiguration;
			buildSettings = {
				ALWAYS_SEARCH_USER_PATHS = NO;
				CLANG_ANALYZER_NONNULL = YES;
				CLANG_ANALYZER_NUMBER_OBJECT_CONVERSION = YES_AGGRESSIVE;
				CLANG_CXX_LANGUAGE_STANDARD = "gnu++14";
				CLANG_CXX_LIBRARY = "libc++";
				CLANG_ENABLE_MODULES = YES;
				CLANG_ENABLE_OBJC_ARC = YES;
				CLANG_ENABLE_OBJC_WEAK = YES;
				CLANG_WARN_BLOCK_CAPTURE_AUTORELEASING = YES;
				CLANG_WARN_BOOL_CONVERSION = YES;
				CLANG_WARN_COMMA = YES;
				CLANG_WARN_CONSTANT_CONVERSION = YES;
				CLANG_WARN_DEPRECATED_OBJC_IMPLEMENTATIONS = YES;
				CLANG_WARN_DIRECT_OBJC_ISA_USAGE = YES_ERROR;
				CLANG_WARN_DOCUMENTATION_COMMENTS = YES;
				CLANG_WARN_EMPTY_BODY = YES;
				CLANG_WARN_ENUM_CONVERSION = YES;
				CLANG_WARN_INFINITE_RECURSION = YES;
				CLANG_WARN_INT_CONVERSION = YES;
				CLANG_WARN_NON_LITERAL_NULL_CONVERSION = YES;
				CLANG_WARN_OBJC_IMPLICIT_RETAIN_SELF = YES;
				CLANG_WARN_OBJC_LITERAL_CONVERSION = YES;
				CLANG_WARN_OBJC_ROOT_CLASS = YES_ERROR;
				CLANG_WARN_QUOTED_INCLUDE_IN_FRAMEWORK_HEADER = YES;
				CLANG_WARN_RANGE_LOOP_ANALYSIS = YES;
				CLANG_WARN_STRICT_PROTOTYPES = YES;
				CLANG_WARN_SUSPICIOUS_MOVE = YES;
				CLANG_WARN_UNGUARDED_AVAILABILITY = YES_AGGRESSIVE;
				CLANG_WARN_UNREACHABLE_CODE = YES;
				CLANG_WARN__DUPLICATE_METHOD_MATCH = YES;
				COPY_PHASE_STRIP = NO;
				DEBUG_INFORMATION_FORMAT = dwarf;
				ENABLE_STRICT_OBJC_MSGSEND = YES;
				ENABLE_TESTABILITY = YES;
				GCC_C_LANGUAGE_STANDARD = gnu11;
				GCC_DYNAMIC_NO_PIC = NO;
				GCC_NO_COMMON_BLOCKS = YES;
				GCC_OPTIMIZATION_LEVEL = 0;
				GCC_PREPROCESSOR_DEFINITIONS = (
					"DEBUG=1",
					"$(inherited)",
				);
				GCC_WARN_64_TO_32_BIT_CONVERSION = YES;
				GCC_WARN_ABOUT_RETURN_TYPE = YES_ERROR;
				GCC_WARN_UNDECLARED_SELECTOR = YES;
				GCC_WARN_UNINITIALIZED_AUTOS = YES_AGGRESSIVE;
				GCC_WARN_UNUSED_FUNCTION = YES;
				GCC_WARN_UNUSED_VARIABLE = YES;
				IPHONEOS_DEPLOYMENT_TARGET = 14.5;
				MTL_ENABLE_DEBUG_INFO = INCLUDE_SOURCE;
				MTL_FAST_MATH = YES;
				ONLY_ACTIVE_ARCH = YES;
				SDKROOT = iphoneos;
				SWIFT_ACTIVE_COMPILATION_CONDITIONS = DEBUG;
				SWIFT_OPTIMIZATION_LEVEL = "-Onone";
			};
			name = Debug;
		};
		7533569A2728E91D0037E647 /* Release */ = {
			isa = XCBuildConfiguration;
			buildSettings = {
				ALWAYS_SEARCH_USER_PATHS = NO;
				CLANG_ANALYZER_NONNULL = YES;
				CLANG_ANALYZER_NUMBER_OBJECT_CONVERSION = YES_AGGRESSIVE;
				CLANG_CXX_LANGUAGE_STANDARD = "gnu++14";
				CLANG_CXX_LIBRARY = "libc++";
				CLANG_ENABLE_MODULES = YES;
				CLANG_ENABLE_OBJC_ARC = YES;
				CLANG_ENABLE_OBJC_WEAK = YES;
				CLANG_WARN_BLOCK_CAPTURE_AUTORELEASING = YES;
				CLANG_WARN_BOOL_CONVERSION = YES;
				CLANG_WARN_COMMA = YES;
				CLANG_WARN_CONSTANT_CONVERSION = YES;
				CLANG_WARN_DEPRECATED_OBJC_IMPLEMENTATIONS = YES;
				CLANG_WARN_DIRECT_OBJC_ISA_USAGE = YES_ERROR;
				CLANG_WARN_DOCUMENTATION_COMMENTS = YES;
				CLANG_WARN_EMPTY_BODY = YES;
				CLANG_WARN_ENUM_CONVERSION = YES;
				CLANG_WARN_INFINITE_RECURSION = YES;
				CLANG_WARN_INT_CONVERSION = YES;
				CLANG_WARN_NON_LITERAL_NULL_CONVERSION = YES;
				CLANG_WARN_OBJC_IMPLICIT_RETAIN_SELF = YES;
				CLANG_WARN_OBJC_LITERAL_CONVERSION = YES;
				CLANG_WARN_OBJC_ROOT_CLASS = YES_ERROR;
				CLANG_WARN_QUOTED_INCLUDE_IN_FRAMEWORK_HEADER = YES;
				CLANG_WARN_RANGE_LOOP_ANALYSIS = YES;
				CLANG_WARN_STRICT_PROTOTYPES = YES;
				CLANG_WARN_SUSPICIOUS_MOVE = YES;
				CLANG_WARN_UNGUARDED_AVAILABILITY = YES_AGGRESSIVE;
				CLANG_WARN_UNREACHABLE_CODE = YES;
				CLANG_WARN__DUPLICATE_METHOD_MATCH = YES;
				COPY_PHASE_STRIP = NO;
				DEBUG_INFORMATION_FORMAT = "dwarf-with-dsym";
				ENABLE_NS_ASSERTIONS = NO;
				ENABLE_STRICT_OBJC_MSGSEND = YES;
				GCC_C_LANGUAGE_STANDARD = gnu11;
				GCC_NO_COMMON_BLOCKS = YES;
				GCC_WARN_64_TO_32_BIT_CONVERSION = YES;
				GCC_WARN_ABOUT_RETURN_TYPE = YES_ERROR;
				GCC_WARN_UNDECLARED_SELECTOR = YES;
				GCC_WARN_UNINITIALIZED_AUTOS = YES_AGGRESSIVE;
				GCC_WARN_UNUSED_FUNCTION = YES;
				GCC_WARN_UNUSED_VARIABLE = YES;
				IPHONEOS_DEPLOYMENT_TARGET = 14.5;
				MTL_ENABLE_DEBUG_INFO = NO;
				MTL_FAST_MATH = YES;
				SDKROOT = iphoneos;
				SWIFT_COMPILATION_MODE = wholemodule;
				SWIFT_OPTIMIZATION_LEVEL = "-O";
				VALIDATE_PRODUCT = YES;
			};
			name = Release;
		};
		7533569C2728E91D0037E647 /* Debug */ = {
			isa = XCBuildConfiguration;
			buildSettings = {
				ASSETCATALOG_COMPILER_APPICON_NAME = AppIcon;
				ASSETCATALOG_COMPILER_GLOBAL_ACCENT_COLOR_NAME = AccentColor;
				CODE_SIGN_STYLE = Automatic;
				DEVELOPMENT_ASSET_PATHS = "\"Landmark/Preview Content\"";
				DEVELOPMENT_TEAM = SKD58BVR64;
				ENABLE_PREVIEWS = YES;
				INFOPLIST_FILE = Landmark/Info.plist;
				IPHONEOS_DEPLOYMENT_TARGET = 14.0;
				LD_RUNPATH_SEARCH_PATHS = (
					"$(inherited)",
					"@executable_path/Frameworks",
				);
				PRODUCT_BUNDLE_IDENTIFIER = ichikawa.Landmark;
				PRODUCT_NAME = "$(TARGET_NAME)";
				SWIFT_VERSION = 5.0;
				TARGETED_DEVICE_FAMILY = "1,2";
			};
			name = Debug;
		};
		7533569D2728E91D0037E647 /* Release */ = {
			isa = XCBuildConfiguration;
			buildSettings = {
				ASSETCATALOG_COMPILER_APPICON_NAME = AppIcon;
				ASSETCATALOG_COMPILER_GLOBAL_ACCENT_COLOR_NAME = AccentColor;
				CODE_SIGN_STYLE = Automatic;
				DEVELOPMENT_ASSET_PATHS = "\"Landmark/Preview Content\"";
				DEVELOPMENT_TEAM = SKD58BVR64;
				ENABLE_PREVIEWS = YES;
				INFOPLIST_FILE = Landmark/Info.plist;
				IPHONEOS_DEPLOYMENT_TARGET = 14.0;
				LD_RUNPATH_SEARCH_PATHS = (
					"$(inherited)",
					"@executable_path/Frameworks",
				);
				PRODUCT_BUNDLE_IDENTIFIER = ichikawa.Landmark;
				PRODUCT_NAME = "$(TARGET_NAME)";
				SWIFT_VERSION = 5.0;
				TARGETED_DEVICE_FAMILY = "1,2";
			};
			name = Release;
		};
		7533569F2728E91D0037E647 /* Debug */ = {
			isa = XCBuildConfiguration;
			buildSettings = {
				ALWAYS_EMBED_SWIFT_STANDARD_LIBRARIES = YES;
				BUNDLE_LOADER = "$(TEST_HOST)";
				CODE_SIGN_STYLE = Automatic;
				DEVELOPMENT_TEAM = SKD58BVR64;
				INFOPLIST_FILE = LandmarkTests/Info.plist;
				IPHONEOS_DEPLOYMENT_TARGET = 14.0;
				LD_RUNPATH_SEARCH_PATHS = (
					"$(inherited)",
					"@executable_path/Frameworks",
					"@loader_path/Frameworks",
				);
				PRODUCT_BUNDLE_IDENTIFIER = ichikawa.LandmarkTests;
				PRODUCT_NAME = "$(TARGET_NAME)";
				SWIFT_VERSION = 5.0;
				TARGETED_DEVICE_FAMILY = "1,2";
				TEST_HOST = "$(BUILT_PRODUCTS_DIR)/Landmark.app/Landmark";
			};
			name = Debug;
		};
		753356A02728E91D0037E647 /* Release */ = {
			isa = XCBuildConfiguration;
			buildSettings = {
				ALWAYS_EMBED_SWIFT_STANDARD_LIBRARIES = YES;
				BUNDLE_LOADER = "$(TEST_HOST)";
				CODE_SIGN_STYLE = Automatic;
				DEVELOPMENT_TEAM = SKD58BVR64;
				INFOPLIST_FILE = LandmarkTests/Info.plist;
				IPHONEOS_DEPLOYMENT_TARGET = 14.0;
				LD_RUNPATH_SEARCH_PATHS = (
					"$(inherited)",
					"@executable_path/Frameworks",
					"@loader_path/Frameworks",
				);
				PRODUCT_BUNDLE_IDENTIFIER = ichikawa.LandmarkTests;
				PRODUCT_NAME = "$(TARGET_NAME)";
				SWIFT_VERSION = 5.0;
				TARGETED_DEVICE_FAMILY = "1,2";
				TEST_HOST = "$(BUILT_PRODUCTS_DIR)/Landmark.app/Landmark";
			};
			name = Release;
		};
		753356A22728E91D0037E647 /* Debug */ = {
			isa = XCBuildConfiguration;
			buildSettings = {
				ALWAYS_EMBED_SWIFT_STANDARD_LIBRARIES = YES;
				CODE_SIGN_STYLE = Automatic;
				DEVELOPMENT_TEAM = SKD58BVR64;
				INFOPLIST_FILE = LandmarkUITests/Info.plist;
				LD_RUNPATH_SEARCH_PATHS = (
					"$(inherited)",
					"@executable_path/Frameworks",
					"@loader_path/Frameworks",
				);
				PRODUCT_BUNDLE_IDENTIFIER = ichikawa.LandmarkUITests;
				PRODUCT_NAME = "$(TARGET_NAME)";
				SWIFT_VERSION = 5.0;
				TARGETED_DEVICE_FAMILY = "1,2";
				TEST_TARGET_NAME = Landmark;
			};
			name = Debug;
		};
		753356A32728E91D0037E647 /* Release */ = {
			isa = XCBuildConfiguration;
			buildSettings = {
				ALWAYS_EMBED_SWIFT_STANDARD_LIBRARIES = YES;
				CODE_SIGN_STYLE = Automatic;
				DEVELOPMENT_TEAM = SKD58BVR64;
				INFOPLIST_FILE = LandmarkUITests/Info.plist;
				LD_RUNPATH_SEARCH_PATHS = (
					"$(inherited)",
					"@executable_path/Frameworks",
					"@loader_path/Frameworks",
				);
				PRODUCT_BUNDLE_IDENTIFIER = ichikawa.LandmarkUITests;
				PRODUCT_NAME = "$(TARGET_NAME)";
				SWIFT_VERSION = 5.0;
				TARGETED_DEVICE_FAMILY = "1,2";
				TEST_TARGET_NAME = Landmark;
			};
			name = Release;
		};
/* End XCBuildConfiguration section */

/* Begin XCConfigurationList section */
		753356712728E91A0037E647 /* Build configuration list for PBXProject "Landmark" */ = {
			isa = XCConfigurationList;
			buildConfigurations = (
				753356992728E91D0037E647 /* Debug */,
				7533569A2728E91D0037E647 /* Release */,
			);
			defaultConfigurationIsVisible = 0;
			defaultConfigurationName = Release;
		};
		7533569B2728E91D0037E647 /* Build configuration list for PBXNativeTarget "Landmark" */ = {
			isa = XCConfigurationList;
			buildConfigurations = (
				7533569C2728E91D0037E647 /* Debug */,
				7533569D2728E91D0037E647 /* Release */,
			);
			defaultConfigurationIsVisible = 0;
			defaultConfigurationName = Release;
		};
		7533569E2728E91D0037E647 /* Build configuration list for PBXNativeTarget "LandmarkTests" */ = {
			isa = XCConfigurationList;
			buildConfigurations = (
				7533569F2728E91D0037E647 /* Debug */,
				753356A02728E91D0037E647 /* Release */,
			);
			defaultConfigurationIsVisible = 0;
			defaultConfigurationName = Release;
		};
		753356A12728E91D0037E647 /* Build configuration list for PBXNativeTarget "LandmarkUITests" */ = {
			isa = XCConfigurationList;
			buildConfigurations = (
				753356A22728E91D0037E647 /* Debug */,
				753356A32728E91D0037E647 /* Release */,
			);
			defaultConfigurationIsVisible = 0;
			defaultConfigurationName = Release;
		};
/* End XCConfigurationList section */
	};
	rootObject = 7533566E2728E91A0037E647 /* Project object */;
}
